
Microsoft Visual Studio Solution File, Format Version 12.00
# Visual Studio 15
VisualStudioVersion = 15.0.28307.852
MinimumVisualStudioVersion = 10.0.40219.1
Project("{FAE04EC0-301F-11D3-BF4B-00C04F79EFBC}") = "GitDemoProject", "GitDemoProject\GitDemoProject.csproj", "{72558DB1-B1D3-4694-9C4E-2340A5E91651}"
EndProject
Global
	GlobalSection(SolutionConfigurationPlatforms) = preSolution
		Debug|Any CPU = Debug|Any CPU
		Release|Any CPU = Release|Any CPU
	EndGlobalSection
	GlobalSection(ProjectConfigurationPlatforms) = postSolution
		{72558DB1-B1D3-4694-9C4E-2340A5E91651}.Debug|Any CPU.ActiveCfg = Debug|Any CPU
		{72558DB1-B1D3-4694-9C4E-2340A5E91651}.Debug|Any CPU.Build.0 = Debug|Any CPU
		{72558DB1-B1D3-4694-9C4E-2340A5E91651}.Release|Any CPU.ActiveCfg = Release|Any CPU
		{72558DB1-B1D3-4694-9C4E-2340A5E91651}.Release|Any CPU.Build.0 = Release|Any CPU
	EndGlobalSection
	GlobalSection(SolutionProperties) = preSolution
		HideSolutionNode = FALSE
	EndGlobalSection
	GlobalSection(ExtensibilityGlobals) = postSolution
		SolutionGuid = {5A311EA8-6082-420D-B3A8-4230C7DF2829}
	EndGlobalSection
EndGlobal
